
Microsoft Visual Studio Solution File, Format Version 12.00
# Visual Studio Version 16
VisualStudioVersion = 16.0.30114.105
MinimumVisualStudioVersion = 10.0.40219.1
Project("{FAE04EC0-301F-11D3-BF4B-00C04F79EFBC}") = "SeqFixieSample.Api", "src\SeqFixieSample.Api\SeqFixieSample.Api.csproj", "{16082739-F29E-4D04-ACF1-C5A6C47A3664}"
EndProject
Project("{2150E333-8FDC-42A3-9474-1A3956D46DE8}") = "src", "src", "{339BB7FC-14F8-49A1-A568-537D88C02684}"
EndProject
Project("{2150E333-8FDC-42A3-9474-1A3956D46DE8}") = "test", "test", "{945BD3D4-0B7D-4757-832E-FEC722BF7F9A}"
EndProject
Project("{FAE04EC0-301F-11D3-BF4B-00C04F79EFBC}") = "SeqFixieSample.FixieTests", "test\SeqFixieSample.FixieTests\SeqFixieSample.FixieTests.csproj", "{86DEB9A0-500D-4E64-BA5C-2D639ED6383B}"
EndProject
Project("{FAE04EC0-301F-11D3-BF4B-00C04F79EFBC}") = "SeqFixieSample.XunitTests", "test\SeqFixieSample.XunitTests\SeqFixieSample.XunitTests.csproj", "{468E946C-677D-4C09-A733-6DB4C04BB067}"
EndProject
Global
	GlobalSection(SolutionConfigurationPlatforms) = preSolution
		Debug|Any CPU = Debug|Any CPU
		Release|Any CPU = Release|Any CPU
	EndGlobalSection
	GlobalSection(SolutionProperties) = preSolution
		HideSolutionNode = FALSE
	EndGlobalSection
	GlobalSection(NestedProjects) = preSolution
		{16082739-F29E-4D04-ACF1-C5A6C47A3664} = {339BB7FC-14F8-49A1-A568-537D88C02684}
		{86DEB9A0-500D-4E64-BA5C-2D639ED6383B} = {945BD3D4-0B7D-4757-832E-FEC722BF7F9A}
		{468E946C-677D-4C09-A733-6DB4C04BB067} = {945BD3D4-0B7D-4757-832E-FEC722BF7F9A}
	EndGlobalSection
	GlobalSection(ProjectConfigurationPlatforms) = postSolution
		{16082739-F29E-4D04-ACF1-C5A6C47A3664}.Debug|Any CPU.ActiveCfg = Debug|Any CPU
		{16082739-F29E-4D04-ACF1-C5A6C47A3664}.Debug|Any CPU.Build.0 = Debug|Any CPU
		{86DEB9A0-500D-4E64-BA5C-2D639ED6383B}.Debug|Any CPU.ActiveCfg = Debug|Any CPU
		{86DEB9A0-500D-4E64-BA5C-2D639ED6383B}.Debug|Any CPU.Build.0 = Debug|Any CPU
		{86DEB9A0-500D-4E64-BA5C-2D639ED6383B}.Release|Any CPU.ActiveCfg = Release|Any CPU
		{86DEB9A0-500D-4E64-BA5C-2D639ED6383B}.Release|Any CPU.Build.0 = Release|Any CPU
		{468E946C-677D-4C09-A733-6DB4C04BB067}.Debug|Any CPU.ActiveCfg = Debug|Any CPU
		{468E946C-677D-4C09-A733-6DB4C04BB067}.Debug|Any CPU.Build.0 = Debug|Any CPU
		{468E946C-677D-4C09-A733-6DB4C04BB067}.Release|Any CPU.ActiveCfg = Release|Any CPU
		{468E946C-677D-4C09-A733-6DB4C04BB067}.Release|Any CPU.Build.0 = Release|Any CPU
	EndGlobalSection
EndGlobal
